PODS:
  - Alamofire (5.5.0)
  - IQKeyboardManagerSwift (6.5.9)
  - Kingfisher (6.3.1)
  - ReachabilitySwift (5.0.0)
  - RxAlamofire (6.1.1):
    - RxAlamofire/Core (= 6.1.1)
  - RxAlamofire/Core (6.1.1):
    - Alamofire (~> 5.4)
    - RxSwift (~> 6.0)
  - RxCocoa (6.5.0):
    - RxRelay (= 6.5.0)
    - RxSwift (= 6.5.0)
  - RxRelay (6.5.0):
    - RxSwift (= 6.5.0)
  - RxSwift (6.5.0)
  - SnapKit (5.6.0)
  - SVProgressHUD (2.2.5)
  - SwiftGen (6.5.1)
  - SwiftLint (0.47.1)
  - SwiftyJSON (5.0.1)
  - Toaster (2.3.0)

DEPENDENCIES:
  - IQKeyboardManagerSwift
  - Kingfisher (from `https://github.com/onevcat/Kingfisher.git`, branch `version6-xcode13`)
  - ReachabilitySwift
  - RxAlamofire
  - RxCocoa
  - RxSwift
  - SnapKit
  - SVProgressHUD
  - SwiftGen
  - SwiftLint
  - SwiftyJSON
  - Toaster

SPEC REPOS:
  trunk:
    - Alamofire
    - IQKeyboardManagerSwift
    - ReachabilitySwift
    - RxAlamofire
    - RxCocoa
    - RxRelay
    - RxSwift
    - SnapKit
    - SVProgressHUD
    - SwiftGen
    - SwiftLint
    - SwiftyJSON
    - Toaster

EXTERNAL SOURCES:
  Kingfisher:
    :branch: version6-xcode13
    :git: https://github.com/onevcat/Kingfisher.git

CHECKOUT OPTIONS:
  Kingfisher:
    :commit: 2742b4de5036f9352d94c891495a3af3b9bdb67c
    :git: https://github.com/onevcat/Kingfisher.git

SPEC CHECKSUMS:
  Alamofire: 1c4fb5369c3fe93d2857c780d8bbe09f06f97e7c
  IQKeyboardManagerSwift: 6e839c575c4aa1078d58a596e41244e77abe918f
  Kingfisher: 8b783c3d7be73a99b2172a743a5bc0a4dd331d79
  ReachabilitySwift: 985039c6f7b23a1da463388634119492ff86c825
  RxAlamofire: beb75a1c452d0de225651db4903f5d29d034a620
  RxCocoa: 94f817b71c07517321eb4f9ad299112ca8af743b
  RxRelay: 1de1523e604c72b6c68feadedd1af3b1b4d0ecbd
  RxSwift: 5710a9e6b17f3c3d6e40d6e559b9fa1e813b2ef8
  SnapKit: e01d52ebb8ddbc333eefe2132acf85c8227d9c25
  SVProgressHUD: 1428aafac632c1f86f62aa4243ec12008d7a51d6
  SwiftGen: a6d22010845f08fe18fbdf3a07a8e380fd22e0ea
  SwiftLint: f80f1be7fa96d30e0aa68e58d45d4ea1ccaac519
  SwiftyJSON: 2f33a42c6fbc52764d96f13368585094bfd8aa5e
  Toaster: c3473963c78e8cabbf6ea6f11ad0fdaae6f54987

PODFILE CHECKSUM: a4429f7eef5608f3225c2380b7298f40aa127a00

COCOAPODS: 1.11.2
